
Microsoft Visual Studio Solution File, Format Version 12.00
# Visual Studio Version 17
VisualStudioVersion = 17.5.002.0
MinimumVisualStudioVersion = 10.0.40219.1
Project("{2150E333-8FDC-42A3-9474-1A3956D46DE8}") = "src", "src", "{45B5EECF-CD26-45CF-AD6A-CD3EBC2EC143}"
EndProject
Project("{9A19103F-16F7-4668-BE54-9A1E7A4F7556}") = "Community.PowerToys.Run.Plugin.ChatGPT", "src\Community.PowerToys.Run.Plugin.ChatGPT\Community.PowerToys.Run.Plugin.ChatGPT.csproj", "{195AA82A-94A6-4EDA-8E78-D262A173722D}"
EndProject
Global
	GlobalSection(SolutionConfigurationPlatforms) = preSolution
		Debug|Any CPU = Debug|Any CPU
		Release|Any CPU = Release|Any CPU
	EndGlobalSection
	GlobalSection(ProjectConfigurationPlatforms) = postSolution
		{195AA82A-94A6-4EDA-8E78-D262A173722D}.Debug|Any CPU.ActiveCfg = Debug|Any CPU
		{195AA82A-94A6-4EDA-8E78-D262A173722D}.Debug|Any CPU.Build.0 = Debug|Any CPU
		{195AA82A-94A6-4EDA-8E78-D262A173722D}.Release|Any CPU.ActiveCfg = Release|Any CPU
		{195AA82A-94A6-4EDA-8E78-D262A173722D}.Release|Any CPU.Build.0 = Release|Any CPU
	EndGlobalSection
	GlobalSection(SolutionProperties) = preSolution
		HideSolutionNode = FALSE
	EndGlobalSection
	GlobalSection(NestedProjects) = preSolution
		{195AA82A-94A6-4EDA-8E78-D262A173722D} = {45B5EECF-CD26-45CF-AD6A-CD3EBC2EC143}
	EndGlobalSection
	GlobalSection(ExtensibilityGlobals) = postSolution
		SolutionGuid = {7A869F54-29E4-43D1-B49C-A3679F68C2D7}
	EndGlobalSection
EndGlobal
